PODS:
  - Flutter (1.0.0)
  - flutter_zalo_login (0.0.1):
    - Flutter
    - ZaloSDK
  - ZaloSDK (2.5.0310.1):
    - ZaloSDK/Core (= 2.5.0310.1)
    - ZaloSDK/Main (= 2.5.0310.1)
  - ZaloSDK/Core (2.5.0310.1)
  - ZaloSDK/Main (2.5.0310.1):
    - ZaloSDK/Core

DEPENDENCIES:
  - Flutter (from `Flutter`)
  - flutter_zalo_login (from `.symlinks/plugins/flutter_zalo_login/ios`)

SPEC REPOS:
  trunk:
    - ZaloSDK

EXTERNAL SOURCES:
  Flutter:
    :path: Flutter
  flutter_zalo_login:
    :path: ".symlinks/plugins/flutter_zalo_login/ios"

SPEC CHECKSUMS:
  Flutter: 0e3d915762c693b495b44d77113d4970485de6ec
  flutter_zalo_login: aa7748742f5adcf1d9d14f4486824a7daf62b3ad
  ZaloSDK: a0d05ee0c2308b6bc83babe86ce2fa33b4f44cb0

PODFILE CHECKSUM: 1b66dae606f75376c5f2135a8290850eeb09ae83

COCOAPODS: 1.9.1
